
Microsoft Visual Studio Solution File, Format Version 12.00
# Visual Studio Version 17
VisualStudioVersion = 17.8.34322.80
MinimumVisualStudioVersion = 10.0.40219.1
Project("{E24C65DC-7377-472B-9ABA-BC803B73C61A}") = "Traffic is Bad", ".", "{0A09816C-4DD3-4CD9-9C71-13B18D90645C}"
	ProjectSection(WebsiteProperties) = preProject
		TargetFrameworkMoniker = ".NETFramework,Version%3Dv4.8"
		Debug.AspNetCompiler.VirtualPath = "/localhost_52516"
		Debug.AspNetCompiler.PhysicalPath = "..\Traffic is Bad\"
		Debug.AspNetCompiler.TargetPath = "PrecompiledWeb\localhost_52516\"
		Debug.AspNetCompiler.Updateable = "true"
		Debug.AspNetCompiler.ForceOverwrite = "true"
		Debug.AspNetCompiler.FixedNames = "false"
		Debug.AspNetCompiler.Debug = "True"
		Release.AspNetCompiler.VirtualPath = "/localhost_52516"
		Release.AspNetCompiler.PhysicalPath = "..\Traffic is Bad\"
		Release.AspNetCompiler.TargetPath = "PrecompiledWeb\localhost_52516\"
		Release.AspNetCompiler.Updateable = "true"
		Release.AspNetCompiler.ForceOverwrite = "true"
		Release.AspNetCompiler.FixedNames = "false"
		Release.AspNetCompiler.Debug = "False"
		VWDPort = "52516"
		SlnRelativePath = "..\Traffic is Bad\"
	EndProjectSection
EndProject
Global
	GlobalSection(SolutionConfigurationPlatforms) = preSolution
		Debug|Any CPU = Debug|Any CPU
	EndGlobalSection
	GlobalSection(ProjectConfigurationPlatforms) = postSolution
		{0A09816C-4DD3-4CD9-9C71-13B18D90645C}.Debug|Any CPU.ActiveCfg = Debug|Any CPU
		{0A09816C-4DD3-4CD9-9C71-13B18D90645C}.Debug|Any CPU.Build.0 = Debug|Any CPU
	EndGlobalSection
	GlobalSection(SolutionProperties) = preSolution
		HideSolutionNode = FALSE
	EndGlobalSection
	GlobalSection(ExtensibilityGlobals) = postSolution
		SolutionGuid = {E1BDC6AF-68BB-4555-B341-67E737AD44F3}
	EndGlobalSection
EndGlobal
